
Microsoft Visual Studio Solution File, Format Version 12.00
# Visual Studio Version 16
VisualStudioVersion = 16.0.33027.164
MinimumVisualStudioVersion = 10.0.40219.1
Project("{FAE04EC0-301F-11D3-BF4B-00C04F79EFBC}") = "AppTipoCambio.Android", "AppTipoCambio\AppTipoCambio.Android\AppTipoCambio.Android.csproj", "{DCFD547B-9783-4548-A3DD-BA69C33934F6}"
EndProject
Project("{FAE04EC0-301F-11D3-BF4B-00C04F79EFBC}") = "AppTipoCambio", "AppTipoCambio\AppTipoCambio\AppTipoCambio.csproj", "{3C220ED8-D5C3-49F9-8905-82053B839FDA}"
EndProject
Global
	GlobalSection(SolutionConfigurationPlatforms) = preSolution
		Debug|Any CPU = Debug|Any CPU
		Release|Any CPU = Release|Any CPU
	EndGlobalSection
	GlobalSection(ProjectConfigurationPlatforms) = postSolution
		{DCFD547B-9783-4548-A3DD-BA69C33934F6}.Debug|Any CPU.ActiveCfg = Debug|Any CPU
		{DCFD547B-9783-4548-A3DD-BA69C33934F6}.Debug|Any CPU.Build.0 = Debug|Any CPU
		{DCFD547B-9783-4548-A3DD-BA69C33934F6}.Debug|Any CPU.Deploy.0 = Debug|Any CPU
		{DCFD547B-9783-4548-A3DD-BA69C33934F6}.Release|Any CPU.ActiveCfg = Release|Any CPU
		{DCFD547B-9783-4548-A3DD-BA69C33934F6}.Release|Any CPU.Build.0 = Release|Any CPU
		{DCFD547B-9783-4548-A3DD-BA69C33934F6}.Release|Any CPU.Deploy.0 = Release|Any CPU
		{3C220ED8-D5C3-49F9-8905-82053B839FDA}.Debug|Any CPU.ActiveCfg = Debug|Any CPU
		{3C220ED8-D5C3-49F9-8905-82053B839FDA}.Debug|Any CPU.Build.0 = Debug|Any CPU
		{3C220ED8-D5C3-49F9-8905-82053B839FDA}.Debug|Any CPU.Deploy.0 = Debug|Any CPU
		{3C220ED8-D5C3-49F9-8905-82053B839FDA}.Release|Any CPU.ActiveCfg = Release|Any CPU
		{3C220ED8-D5C3-49F9-8905-82053B839FDA}.Release|Any CPU.Build.0 = Release|Any CPU
		{3C220ED8-D5C3-49F9-8905-82053B839FDA}.Release|Any CPU.Deploy.0 = Release|Any CPU
	EndGlobalSection
	GlobalSection(SolutionProperties) = preSolution
		HideSolutionNode = FALSE
	EndGlobalSection
	GlobalSection(ExtensibilityGlobals) = postSolution
		SolutionGuid = {3873D6CB-3410-416A-94A2-6DA29D247B83}
	EndGlobalSection
EndGlobal
